
Microsoft Visual Studio Solution File, Format Version 12.00
# Visual Studio Version 17
VisualStudioVersion = 17.10.35013.160
MinimumVisualStudioVersion = 10.0.40219.1
Project("{FAE04EC0-301F-11D3-BF4B-00C04F79EFBC}") = "X05_Navigation_Exercise.Android", "X05_Navigation_Exercise\X05_Navigation_Exercise.Android\X05_Navigation_Exercise.Android.csproj", "{48652793-0DE3-4B22-8172-B6E7F67FB559}"
EndProject
Project("{FAE04EC0-301F-11D3-BF4B-00C04F79EFBC}") = "X05_Navigation_Exercise", "X05_Navigation_Exercise\X05_Navigation_Exercise\X05_Navigation_Exercise.csproj", "{1B23CC24-DA17-4777-A053-93B5F4548052}"
EndProject
Global
	GlobalSection(SolutionConfigurationPlatforms) = preSolution
		Debug|Any CPU = Debug|Any CPU
		Release|Any CPU = Release|Any CPU
	EndGlobalSection
	GlobalSection(ProjectConfigurationPlatforms) = postSolution
		{48652793-0DE3-4B22-8172-B6E7F67FB559}.Debug|Any CPU.ActiveCfg = Debug|Any CPU
		{48652793-0DE3-4B22-8172-B6E7F67FB559}.Debug|Any CPU.Build.0 = Debug|Any CPU
		{48652793-0DE3-4B22-8172-B6E7F67FB559}.Debug|Any CPU.Deploy.0 = Debug|Any CPU
		{48652793-0DE3-4B22-8172-B6E7F67FB559}.Release|Any CPU.ActiveCfg = Release|Any CPU
		{48652793-0DE3-4B22-8172-B6E7F67FB559}.Release|Any CPU.Build.0 = Release|Any CPU
		{48652793-0DE3-4B22-8172-B6E7F67FB559}.Release|Any CPU.Deploy.0 = Release|Any CPU
		{1B23CC24-DA17-4777-A053-93B5F4548052}.Debug|Any CPU.ActiveCfg = Debug|Any CPU
		{1B23CC24-DA17-4777-A053-93B5F4548052}.Debug|Any CPU.Build.0 = Debug|Any CPU
		{1B23CC24-DA17-4777-A053-93B5F4548052}.Debug|Any CPU.Deploy.0 = Debug|Any CPU
		{1B23CC24-DA17-4777-A053-93B5F4548052}.Release|Any CPU.ActiveCfg = Release|Any CPU
		{1B23CC24-DA17-4777-A053-93B5F4548052}.Release|Any CPU.Build.0 = Release|Any CPU
		{1B23CC24-DA17-4777-A053-93B5F4548052}.Release|Any CPU.Deploy.0 = Release|Any CPU
	EndGlobalSection
	GlobalSection(SolutionProperties) = preSolution
		HideSolutionNode = FALSE
	EndGlobalSection
	GlobalSection(ExtensibilityGlobals) = postSolution
		SolutionGuid = {43ED5067-78B3-4593-BB70-CA4C5DAD06FC}
	EndGlobalSection
EndGlobal
